// !$*UTF8*$!
{
	archiveVersion = 1;
	classes = {
	};
	objectVersion = 50;
	objects = {

/* Begin PBXBuildFile section */
		1504D91D258384BA00B4EBEE /* MyCitiesTableViewController.swift in Sources */ = {isa = PBXBuildFile; fileRef = 1504D91C258384BA00B4EBEE /* MyCitiesTableViewController.swift */; };
		1504D920258384E700B4EBEE /* MyCityTableViewCell.swift in Sources */ = {isa = PBXBuildFile; fileRef = 1504D91F258384E700B4EBEE /* MyCityTableViewCell.swift */; };
		1504D92425838B0D00B4EBEE /* WeatherViewController.swift in Sources */ = {isa = PBXBuildFile; fileRef = 1504D92325838B0D00B4EBEE /* WeatherViewController.swift */; };
		1504D92725838B2200B4EBEE /* WeatherCell.swift in Sources */ = {isa = PBXBuildFile; fileRef = 1504D92625838B2200B4EBEE /* WeatherCell.swift */; };
		1504D9772584E59600B4EBEE /* GradientView.swift in Sources */ = {isa = PBXBuildFile; fileRef = 1504D9762584E59600B4EBEE /* GradientView.swift */; };
		15654BF725769BE4006DD81E /* AppDelegate.swift in Sources */ = {isa = PBXBuildFile; fileRef = 15654BF625769BE4006DD81E /* AppDelegate.swift */; };
		15654BF925769BE4006DD81E /* SceneDelegate.swift in Sources */ = {isa = PBXBuildFile; fileRef = 15654BF825769BE4006DD81E /* SceneDelegate.swift */; };
		15654BFE25769BE4006DD81E /* Main.storyboard in Resources */ = {isa = PBXBuildFile; fileRef = 15654BFC25769BE4006DD81E /* Main.storyboard */; };
		15654C0025769BE6006DD81E /* Assets.xcassets in Resources */ = {isa = PBXBuildFile; fileRef = 15654BFF25769BE6006DD81E /* Assets.xcassets */; };
		15654C0325769BE6006DD81E /* LaunchScreen.storyboard in Resources */ = {isa = PBXBuildFile; fileRef = 15654C0125769BE6006DD81E /* LaunchScreen.storyboard */; };
		15654C0D25769F65006DD81E /* LoginFormController.swift in Sources */ = {isa = PBXBuildFile; fileRef = 15654C0C25769F65006DD81E /* LoginFormController.swift */; };
		15DA53D7257F7364006353DA /* CityTableViewCell.swift in Sources */ = {isa = PBXBuildFile; fileRef = 15DA53D6257F7364006353DA /* CityTableViewCell.swift */; };
		15DA53DB257F74BF006353DA /* CitiesListTableViewController.swift in Sources */ = {isa = PBXBuildFile; fileRef = 15DA53DA257F74BF006353DA /* CitiesListTableViewController.swift */; };
/* End PBXBuildFile section */

/* Begin PBXFileReference section */
		1504D91C258384BA00B4EBEE /* MyCitiesTableViewController.swift */ = {isa = PBXFileReference; lastKnownFileType = sourcecode.swift; path = MyCitiesTableViewController.swift; sourceTree = "<group>"; };
		1504D91F258384E700B4EBEE /* MyCityTableViewCell.swift */ = {isa = PBXFileReference; lastKnownFileType = sourcecode.swift; path = MyCityTableViewCell.swift; sourceTree = "<group>"; };
		1504D92325838B0D00B4EBEE /* WeatherViewController.swift */ = {isa = PBXFileReference; lastKnownFileType = sourcecode.swift; path = WeatherViewController.swift; sourceTree = "<group>"; };
		1504D92625838B2200B4EBEE /* WeatherCell.swift */ = {isa = PBXFileReference; lastKnownFileType = sourcecode.swift; path = WeatherCell.swift; sourceTree = "<group>"; };
		1504D9762584E59600B4EBEE /* GradientView.swift */ = {isa = PBXFileReference; lastKnownFileType = sourcecode.swift; path = GradientView.swift; sourceTree = "<group>"; };
		15654BF325769BE4006DD81E /* OpenWeather.app */ = {isa = PBXFileReference; explicitFileType = wrapper.application; includeInIndex = 0; path = OpenWeather.app; sourceTree = BUILT_PRODUCTS_DIR; };
		15654BF625769BE4006DD81E /* AppDelegate.swift */ = {isa = PBXFileReference; lastKnownFileType = sourcecode.swift; path = AppDelegate.swift; sourceTree = "<group>"; };
		15654BF825769BE4006DD81E /* SceneDelegate.swift */ = {isa = PBXFileReference; lastKnownFileType = sourcecode.swift; path = SceneDelegate.swift; sourceTree = "<group>"; };
		15654BFD25769BE4006DD81E /* Base */ = {isa = PBXFileReference; lastKnownFileType = file.storyboard; name = Base; path = Base.lproj/Main.storyboard; sourceTree = "<group>"; };
		15654BFF25769BE6006DD81E /* Assets.xcassets */ = {isa = PBXFileReference; lastKnownFileType = folder.assetcatalog; path = Assets.xcassets; sourceTree = "<group>"; };
		15654C0225769BE6006DD81E /* Base */ = {isa = PBXFileReference; lastKnownFileType = file.storyboard; name = Base; path = Base.lproj/LaunchScreen.storyboard; sourceTree = "<group>"; };
		15654C0425769BE6006DD81E /* Info.plist */ = {isa = PBXFileReference; lastKnownFileType = text.plist.xml; path = Info.plist; sourceTree = "<group>"; };
		15654C0C25769F65006DD81E /* LoginFormController.swift */ = {isa = PBXFileReference; lastKnownFileType = sourcecode.swift; path = LoginFormController.swift; sourceTree = "<group>"; };
		15DA53D6257F7364006353DA /* CityTableViewCell.swift */ = {isa = PBXFileReference; lastKnownFileType = sourcecode.swift; path = CityTableViewCell.swift; sourceTree = "<group>"; };
		15DA53DA257F74BF006353DA /* CitiesListTableViewController.swift */ = {isa = PBXFileReference; lastKnownFileType = sourcecode.swift; path = CitiesListTableViewController.swift; sourceTree = "<group>"; };
/* End PBXFileReference section */

/* Begin PBXFrameworksBuildPhase section */
		15654BF025769BE4006DD81E /* Frameworks */ = {
			isa = PBXFrameworksBuildPhase;
			buildActionMask = 2147483647;
			files = (
			);
			runOnlyForDeploymentPostprocessing = 0;
		};
/* End PBXFrameworksBuildPhase section */

/* Begin PBXGroup section */
		1504D91B2583848C00B4EBEE /* MyCities */ = {
			isa = PBXGroup;
			children = (
				1504D91C258384BA00B4EBEE /* MyCitiesTableViewController.swift */,
				1504D91F258384E700B4EBEE /* MyCityTableViewCell.swift */,
			);
			path = MyCities;
			sourceTree = "<group>";
		};
		1504D92225838AEE00B4EBEE /* Weather */ = {
			isa = PBXGroup;
			children = (
				1504D92325838B0D00B4EBEE /* WeatherViewController.swift */,
				1504D92625838B2200B4EBEE /* WeatherCell.swift */,
			);
			path = Weather;
			sourceTree = "<group>";
		};
		15654BEA25769BE4006DD81E = {
			isa = PBXGroup;
			children = (
				15654BF525769BE4006DD81E /* OpenWeather */,
				15654BF425769BE4006DD81E /* Products */,
			);
			sourceTree = "<group>";
		};
		15654BF425769BE4006DD81E /* Products */ = {
			isa = PBXGroup;
			children = (
				15654BF325769BE4006DD81E /* OpenWeather.app */,
			);
			name = Products;
			sourceTree = "<group>";
		};
		15654BF525769BE4006DD81E /* OpenWeather */ = {
			isa = PBXGroup;
			children = (
				1504D92225838AEE00B4EBEE /* Weather */,
				1504D91B2583848C00B4EBEE /* MyCities */,
				15858008257EA53100AB29A9 /* CitiesList */,
				15654BF625769BE4006DD81E /* AppDelegate.swift */,
				15654BF825769BE4006DD81E /* SceneDelegate.swift */,
				15654BFC25769BE4006DD81E /* Main.storyboard */,
				15654C0C25769F65006DD81E /* LoginFormController.swift */,
				15654BFF25769BE6006DD81E /* Assets.xcassets */,
				15654C0125769BE6006DD81E /* LaunchScreen.storyboard */,
				15654C0425769BE6006DD81E /* Info.plist */,
				1504D9762584E59600B4EBEE /* GradientView.swift */,
			);
			path = OpenWeather;
			sourceTree = "<group>";
		};
		15858008257EA53100AB29A9 /* CitiesList */ = {
			isa = PBXGroup;
			children = (
				15DA53D6257F7364006353DA /* CityTableViewCell.swift */,
				15DA53DA257F74BF006353DA /* CitiesListTableViewController.swift */,
			);
			path = CitiesList;
			sourceTree = "<group>";
		};
/* End PBXGroup section */

/* Begin PBXNativeTarget section */
		15654BF225769BE4006DD81E /* OpenWeather */ = {
			isa = PBXNativeTarget;
			buildConfigurationList = 15654C0725769BE6006DD81E /* Build configuration list for PBXNativeTarget "OpenWeather" */;
			buildPhases = (
				15654BEF25769BE4006DD81E /* Sources */,
				15654BF025769BE4006DD81E /* Frameworks */,
				15654BF125769BE4006DD81E /* Resources */,
			);
			buildRules = (
			);
			dependencies = (
			);
			name = OpenWeather;
			productName = OpenWeather;
			productReference = 15654BF325769BE4006DD81E /* OpenWeather.app */;
			productType = "com.apple.product-type.application";
		};
/* End PBXNativeTarget section */

/* Begin PBXProject section */
		15654BEB25769BE4006DD81E /* Project object */ = {
			isa = PBXProject;
			attributes = {
				LastSwiftUpdateCheck = 1210;
				LastUpgradeCheck = 1210;
				TargetAttributes = {
					15654BF225769BE4006DD81E = {
						CreatedOnToolsVersion = 12.1;
					};
				};
			};
			buildConfigurationList = 15654BEE25769BE4006DD81E /* Build configuration list for PBXProject "OpenWeather" */;
			compatibilityVersion = "Xcode 9.3";
			developmentRegion = en;
			hasScannedForEncodings = 0;
			knownRegions = (
				en,
				Base,
			);
			mainGroup = 15654BEA25769BE4006DD81E;
			productRefGroup = 15654BF425769BE4006DD81E /* Products */;
			projectDirPath = "";
			projectRoot = "";
			targets = (
				15654BF225769BE4006DD81E /* OpenWeather */,
			);
		};
/* End PBXProject section */

/* Begin PBXResourcesBuildPhase section */
		15654BF125769BE4006DD81E /* Resources */ = {
			isa = PBXResourcesBuildPhase;
			buildActionMask = 2147483647;
			files = (
				15654C0325769BE6006DD81E /* LaunchScreen.storyboard in Resources */,
				15654C0025769BE6006DD81E /* Assets.xcassets in Resources */,
				15654BFE25769BE4006DD81E /* Main.storyboard in Resources */,
			);
			runOnlyForDeploymentPostprocessing = 0;
		};
/* End PBXResourcesBuildPhase section */

/* Begin PBXSourcesBuildPhase section */
		15654BEF25769BE4006DD81E /* Sources */ = {
			isa = PBXSourcesBuildPhase;
			buildActionMask = 2147483647;
			files = (
				15654C0D25769F65006DD81E /* LoginFormController.swift in Sources */,
				15DA53D7257F7364006353DA /* CityTableViewCell.swift in Sources */,
				1504D9772584E59600B4EBEE /* GradientView.swift in Sources */,
				1504D92725838B2200B4EBEE /* WeatherCell.swift in Sources */,
				1504D91D258384BA00B4EBEE /* MyCitiesTableViewController.swift in Sources */,
				15654BF725769BE4006DD81E /* AppDelegate.swift in Sources */,
				15DA53DB257F74BF006353DA /* CitiesListTableViewController.swift in Sources */,
				1504D92425838B0D00B4EBEE /* WeatherViewController.swift in Sources */,
				1504D920258384E700B4EBEE /* MyCityTableViewCell.swift in Sources */,
				15654BF925769BE4006DD81E /* SceneDelegate.swift in Sources */,
			);
			runOnlyForDeploymentPostprocessing = 0;
		};
/* End PBXSourcesBuildPhase section */

/* Begin PBXVariantGroup section */
		15654BFC25769BE4006DD81E /* Main.storyboard */ = {
			isa = PBXVariantGroup;
			children = (
				15654BFD25769BE4006DD81E /* Base */,
			);
			name = Main.storyboard;
			sourceTree = "<group>";
		};
		15654C0125769BE6006DD81E /* LaunchScreen.storyboard */ = {
			isa = PBXVariantGroup;
			children = (
				15654C0225769BE6006DD81E /* Base */,
			);
			name = LaunchScreen.storyboard;
			sourceTree = "<group>";
		};
/* End PBXVariantGroup section */

/* Begin XCBuildConfiguration section */
		15654C0525769BE6006DD81E /* Debug */ = {
			isa = XCBuildConfiguration;
			buildSettings = {
				ALWAYS_SEARCH_USER_PATHS = NO;
				CLANG_ANALYZER_NONNULL = YES;
				CLANG_ANALYZER_NUMBER_OBJECT_CONVERSION = YES_AGGRESSIVE;
				CLANG_CXX_LANGUAGE_STANDARD = "gnu++14";
				CLANG_CXX_LIBRARY = "libc++";
				CLANG_ENABLE_MODULES = YES;
				CLANG_ENABLE_OBJC_ARC = YES;
				CLANG_ENABLE_OBJC_WEAK = YES;
				CLANG_WARN_BLOCK_CAPTURE_AUTORELEASING = YES;
				CLANG_WARN_BOOL_CONVERSION = YES;
				CLANG_WARN_COMMA = YES;
				CLANG_WARN_CONSTANT_CONVERSION = YES;
				CLANG_WARN_DEPRECATED_OBJC_IMPLEMENTATIONS = YES;
				CLANG_WARN_DIRECT_OBJC_ISA_USAGE = YES_ERROR;
				CLANG_WARN_DOCUMENTATION_COMMENTS = YES;
				CLANG_WARN_EMPTY_BODY = YES;
				CLANG_WARN_ENUM_CONVERSION = YES;
				CLANG_WARN_INFINITE_RECURSION = YES;
				CLANG_WARN_INT_CONVERSION = YES;
				CLANG_WARN_NON_LITERAL_NULL_CONVERSION = YES;
				CLANG_WARN_OBJC_IMPLICIT_RETAIN_SELF = YES;
				CLANG_WARN_OBJC_LITERAL_CONVERSION = YES;
				CLANG_WARN_OBJC_ROOT_CLASS = YES_ERROR;
				CLANG_WARN_QUOTED_INCLUDE_IN_FRAMEWORK_HEADER = YES;
				CLANG_WARN_RANGE_LOOP_ANALYSIS = YES;
				CLANG_WARN_STRICT_PROTOTYPES = YES;
				CLANG_WARN_SUSPICIOUS_MOVE = YES;
				CLANG_WARN_UNGUARDED_AVAILABILITY = YES_AGGRESSIVE;
				CLANG_WARN_UNREACHABLE_CODE = YES;
				CLANG_WARN__DUPLICATE_METHOD_MATCH = YES;
				COPY_PHASE_STRIP = NO;
				DEBUG_INFORMATION_FORMAT = dwarf;
				ENABLE_STRICT_OBJC_MSGSEND = YES;
				ENABLE_TESTABILITY = YES;
				GCC_C_LANGUAGE_STANDARD = gnu11;
				GCC_DYNAMIC_NO_PIC = NO;
				GCC_NO_COMMON_BLOCKS = YES;
				GCC_OPTIMIZATION_LEVEL = 0;
				GCC_PREPROCESSOR_DEFINITIONS = (
					"DEBUG=1",
					"$(inherited)",
				);
				GCC_WARN_64_TO_32_BIT_CONVERSION = YES;
				GCC_WARN_ABOUT_RETURN_TYPE = YES_ERROR;
				GCC_WARN_UNDECLARED_SELECTOR = YES;
				GCC_WARN_UNINITIALIZED_AUTOS = YES_AGGRESSIVE;
				GCC_WARN_UNUSED_FUNCTION = YES;
				GCC_WARN_UNUSED_VARIABLE = YES;
				IPHONEOS_DEPLOYMENT_TARGET = 14.1;
				MTL_ENABLE_DEBUG_INFO = INCLUDE_SOURCE;
				MTL_FAST_MATH = YES;
				ONLY_ACTIVE_ARCH = YES;
				SDKROOT = iphoneos;
				SWIFT_ACTIVE_COMPILATION_CONDITIONS = DEBUG;
				SWIFT_OPTIMIZATION_LEVEL = "-Onone";
			};
			name = Debug;
		};
		15654C0625769BE6006DD81E /* Release */ = {
			isa = XCBuildConfiguration;
			buildSettings = {
				ALWAYS_SEARCH_USER_PATHS = NO;
				CLANG_ANALYZER_NONNULL = YES;
				CLANG_ANALYZER_NUMBER_OBJECT_CONVERSION = YES_AGGRESSIVE;
				CLANG_CXX_LANGUAGE_STANDARD = "gnu++14";
				CLANG_CXX_LIBRARY = "libc++";
				CLANG_ENABLE_MODULES = YES;
				CLANG_ENABLE_OBJC_ARC = YES;
				CLANG_ENABLE_OBJC_WEAK = YES;
				CLANG_WARN_BLOCK_CAPTURE_AUTORELEASING = YES;
				CLANG_WARN_BOOL_CONVERSION = YES;
				CLANG_WARN_COMMA = YES;
				CLANG_WARN_CONSTANT_CONVERSION = YES;
				CLANG_WARN_DEPRECATED_OBJC_IMPLEMENTATIONS = YES;
				CLANG_WARN_DIRECT_OBJC_ISA_USAGE = YES_ERROR;
				CLANG_WARN_DOCUMENTATION_COMMENTS = YES;
				CLANG_WARN_EMPTY_BODY = YES;
				CLANG_WARN_ENUM_CONVERSION = YES;
				CLANG_WARN_INFINITE_RECURSION = YES;
				CLANG_WARN_INT_CONVERSION = YES;
				CLANG_WARN_NON_LITERAL_NULL_CONVERSION = YES;
				CLANG_WARN_OBJC_IMPLICIT_RETAIN_SELF = YES;
				CLANG_WARN_OBJC_LITERAL_CONVERSION = YES;
				CLANG_WARN_OBJC_ROOT_CLASS = YES_ERROR;
				CLANG_WARN_QUOTED_INCLUDE_IN_FRAMEWORK_HEADER = YES;
				CLANG_WARN_RANGE_LOOP_ANALYSIS = YES;
				CLANG_WARN_STRICT_PROTOTYPES = YES;
				CLANG_WARN_SUSPICIOUS_MOVE = YES;
				CLANG_WARN_UNGUARDED_AVAILABILITY = YES_AGGRESSIVE;
				CLANG_WARN_UNREACHABLE_CODE = YES;
				CLANG_WARN__DUPLICATE_METHOD_MATCH = YES;
				COPY_PHASE_STRIP = NO;
				DEBUG_INFORMATION_FORMAT = "dwarf-with-dsym";
				ENABLE_NS_ASSERTIONS = NO;
				ENABLE_STRICT_OBJC_MSGSEND = YES;
				GCC_C_LANGUAGE_STANDARD = gnu11;
				GCC_NO_COMMON_BLOCKS = YES;
				GCC_WARN_64_TO_32_BIT_CONVERSION = YES;
				GCC_WARN_ABOUT_RETURN_TYPE = YES_ERROR;
				GCC_WARN_UNDECLARED_SELECTOR = YES;
				GCC_WARN_UNINITIALIZED_AUTOS = YES_AGGRESSIVE;
				GCC_WARN_UNUSED_FUNCTION = YES;
				GCC_WARN_UNUSED_VARIABLE = YES;
				IPHONEOS_DEPLOYMENT_TARGET = 14.1;
				MTL_ENABLE_DEBUG_INFO = NO;
				MTL_FAST_MATH = YES;
				SDKROOT = iphoneos;
				SWIFT_COMPILATION_MODE = wholemodule;
				SWIFT_OPTIMIZATION_LEVEL = "-O";
				VALIDATE_PRODUCT = YES;
			};
			name = Release;
		};
		15654C0825769BE6006DD81E /* Debug */ = {
			isa = XCBuildConfiguration;
			buildSettings = {
				ASSETCATALOG_COMPILER_APPICON_NAME = AppIcon;
				ASSETCATALOG_COMPILER_GLOBAL_ACCENT_COLOR_NAME = AccentColor;
				CODE_SIGN_STYLE = Automatic;
				DEVELOPMENT_TEAM = DQ48S8SUS4;
				INFOPLIST_FILE = OpenWeather/Info.plist;
				LD_RUNPATH_SEARCH_PATHS = (
					"$(inherited)",
					"@executable_path/Frameworks",
				);
				PRODUCT_BUNDLE_IDENTIFIER = ru.50.AlexanderFomin.OpenWeather;
				PRODUCT_NAME = "$(TARGET_NAME)";
				SWIFT_VERSION = 5.0;
				TARGETED_DEVICE_FAMILY = 1;
			};
			name = Debug;
		};
		15654C0925769BE6006DD81E /* Release */ = {
			isa = XCBuildConfiguration;
			buildSettings = {
				ASSETCATALOG_COMPILER_APPICON_NAME = AppIcon;
				ASSETCATALOG_COMPILER_GLOBAL_ACCENT_COLOR_NAME = AccentColor;
				CODE_SIGN_STYLE = Automatic;
				DEVELOPMENT_TEAM = DQ48S8SUS4;
				INFOPLIST_FILE = OpenWeather/Info.plist;
				LD_RUNPATH_SEARCH_PATHS = (
					"$(inherited)",
					"@executable_path/Frameworks",
				);
				PRODUCT_BUNDLE_IDENTIFIER = ru.50.AlexanderFomin.OpenWeather;
				PRODUCT_NAME = "$(TARGET_NAME)";
				SWIFT_VERSION = 5.0;
				TARGETED_DEVICE_FAMILY = 1;
			};
			name = Release;
		};
/* End XCBuildConfiguration section */

/* Begin XCConfigurationList section */
		15654BEE25769BE4006DD81E /* Build configuration list for PBXProject "OpenWeather" */ = {
			isa = XCConfigurationList;
			buildConfigurations = (
				15654C0525769BE6006DD81E /* Debug */,
				15654C0625769BE6006DD81E /* Release */,
			);
			defaultConfigurationIsVisible = 0;
			defaultConfigurationName = Release;
		};
		15654C0725769BE6006DD81E /* Build configuration list for PBXNativeTarget "OpenWeather" */ = {
			isa = XCConfigurationList;
			buildConfigurations = (
				15654C0825769BE6006DD81E /* Debug */,
				15654C0925769BE6006DD81E /* Release */,
			);
			defaultConfigurationIsVisible = 0;
			defaultConfigurationName = Release;
		};
/* End XCConfigurationList section */
	};
	rootObject = 15654BEB25769BE4006DD81E /* Project object */;
}
