// !$*UTF8*$!
{
	archiveVersion = 1;
	classes = {
	};
	objectVersion = 50;
	objects = {

/* Begin PBXBuildFile section */
		1504D91D258384BA00B4EBEE /* MyCitiesTableViewController.swift in Sources */ = {isa = PBXBuildFile; fileRef = 1504D91C258384BA00B4EBEE /* MyCitiesTableViewController.swift */; };
		1504D9772584E59600B4EBEE /* GradientView.swift in Sources */ = {isa = PBXBuildFile; fileRef = 1504D9762584E59600B4EBEE /* GradientView.swift */; };
		1504D97A2584EF9900B4EBEE /* WeekDayPicker.swift in Sources */ = {isa = PBXBuildFile; fileRef = 1504D9792584EF9900B4EBEE /* WeekDayPicker.swift */; };
		1504D9812584FB0400B4EBEE /* WeatherCollectionView.swift in Sources */ = {isa = PBXBuildFile; fileRef = 1504D9802584FB0400B4EBEE /* WeatherCollectionView.swift */; };
		1504D9842585017A00B4EBEE /* WeatherViewController.swift in Sources */ = {isa = PBXBuildFile; fileRef = 1504D9832585017A00B4EBEE /* WeatherViewController.swift */; };
		15626400258E18FC00DEA711 /* WeatherCollectionViewLayout.swift in Sources */ = {isa = PBXBuildFile; fileRef = 156263FF258E18FC00DEA711 /* WeatherCollectionViewLayout.swift */; };
		15654BF725769BE4006DD81E /* AppDelegate.swift in Sources */ = {isa = PBXBuildFile; fileRef = 15654BF625769BE4006DD81E /* AppDelegate.swift */; };
		15654BF925769BE4006DD81E /* SceneDelegate.swift in Sources */ = {isa = PBXBuildFile; fileRef = 15654BF825769BE4006DD81E /* SceneDelegate.swift */; };
		15654BFE25769BE4006DD81E /* Main.storyboard in Resources */ = {isa = PBXBuildFile; fileRef = 15654BFC25769BE4006DD81E /* Main.storyboard */; };
		15654C0025769BE6006DD81E /* Assets.xcassets in Resources */ = {isa = PBXBuildFile; fileRef = 15654BFF25769BE6006DD81E /* Assets.xcassets */; };
		15654C0325769BE6006DD81E /* LaunchScreen.storyboard in Resources */ = {isa = PBXBuildFile; fileRef = 15654C0125769BE6006DD81E /* LaunchScreen.storyboard */; };
		15654C0D25769F65006DD81E /* LoginFormController.swift in Sources */ = {isa = PBXBuildFile; fileRef = 15654C0C25769F65006DD81E /* LoginFormController.swift */; };
		15CC5D8225B2B78500E799C1 /* NetworkService.swift in Sources */ = {isa = PBXBuildFile; fileRef = 15CC5D8125B2B78500E799C1 /* NetworkService.swift */; };
		15D2C6B1258CEE3B00D83F27 /* CityTableViewCell.swift in Sources */ = {isa = PBXBuildFile; fileRef = 15D2C6AF258CEE3B00D83F27 /* CityTableViewCell.swift */; };
		15D2C6B2258CEE3B00D83F27 /* CityTableViewCell.xib in Resources */ = {isa = PBXBuildFile; fileRef = 15D2C6B0258CEE3B00D83F27 /* CityTableViewCell.xib */; };
		15D2C6C1258D0E0100D83F27 /* City.swift in Sources */ = {isa = PBXBuildFile; fileRef = 15D2C6C0258D0E0100D83F27 /* City.swift */; };
		15D45D4B258DDAB000D50382 /* WeatherCell.swift in Sources */ = {isa = PBXBuildFile; fileRef = 15D45D49258DDAB000D50382 /* WeatherCell.swift */; };
		15D45D4C258DDAB000D50382 /* WeatherCell.xib in Resources */ = {isa = PBXBuildFile; fileRef = 15D45D4A258DDAB000D50382 /* WeatherCell.xib */; };
		15DA53DB257F74BF006353DA /* CitiesListTableViewController.swift in Sources */ = {isa = PBXBuildFile; fileRef = 15DA53DA257F74BF006353DA /* CitiesListTableViewController.swift */; };
		F7C0A2709DDEB0337AE5DFA7 /* Pods_OpenWeather.framework in Frameworks */ = {isa = PBXBuildFile; fileRef = BE912B883382A074520520D5 /* Pods_OpenWeather.framework */; };
/* End PBXBuildFile section */

/* Begin PBXFileReference section */
		1504D91C258384BA00B4EBEE /* MyCitiesTableViewController.swift */ = {isa = PBXFileReference; lastKnownFileType = sourcecode.swift; path = MyCitiesTableViewController.swift; sourceTree = "<group>"; };
		1504D9762584E59600B4EBEE /* GradientView.swift */ = {isa = PBXFileReference; lastKnownFileType = sourcecode.swift; path = GradientView.swift; sourceTree = "<group>"; };
		1504D9792584EF9900B4EBEE /* WeekDayPicker.swift */ = {isa = PBXFileReference; lastKnownFileType = sourcecode.swift; path = WeekDayPicker.swift; sourceTree = "<group>"; };
		1504D9802584FB0400B4EBEE /* WeatherCollectionView.swift */ = {isa = PBXFileReference; lastKnownFileType = sourcecode.swift; path = WeatherCollectionView.swift; sourceTree = "<group>"; };
		1504D9832585017A00B4EBEE /* WeatherViewController.swift */ = {isa = PBXFileReference; lastKnownFileType = sourcecode.swift; path = WeatherViewController.swift; sourceTree = "<group>"; };
		156263FF258E18FC00DEA711 /* WeatherCollectionViewLayout.swift */ = {isa = PBXFileReference; lastKnownFileType = sourcecode.swift; path = WeatherCollectionViewLayout.swift; sourceTree = "<group>"; };
		15654BF325769BE4006DD81E /* OpenWeather.app */ = {isa = PBXFileReference; explicitFileType = wrapper.application; includeInIndex = 0; path = OpenWeather.app; sourceTree = BUILT_PRODUCTS_DIR; };
		15654BF625769BE4006DD81E /* AppDelegate.swift */ = {isa = PBXFileReference; lastKnownFileType = sourcecode.swift; path = AppDelegate.swift; sourceTree = "<group>"; };
		15654BF825769BE4006DD81E /* SceneDelegate.swift */ = {isa = PBXFileReference; lastKnownFileType = sourcecode.swift; path = SceneDelegate.swift; sourceTree = "<group>"; };
		15654BFD25769BE4006DD81E /* Base */ = {isa = PBXFileReference; lastKnownFileType = file.storyboard; name = Base; path = Base.lproj/Main.storyboard; sourceTree = "<group>"; };
		15654BFF25769BE6006DD81E /* Assets.xcassets */ = {isa = PBXFileReference; lastKnownFileType = folder.assetcatalog; path = Assets.xcassets; sourceTree = "<group>"; };
		15654C0225769BE6006DD81E /* Base */ = {isa = PBXFileReference; lastKnownFileType = file.storyboard; name = Base; path = Base.lproj/LaunchScreen.storyboard; sourceTree = "<group>"; };
		15654C0425769BE6006DD81E /* Info.plist */ = {isa = PBXFileReference; lastKnownFileType = text.plist.xml; path = Info.plist; sourceTree = "<group>"; };
		15654C0C25769F65006DD81E /* LoginFormController.swift */ = {isa = PBXFileReference; lastKnownFileType = sourcecode.swift; path = LoginFormController.swift; sourceTree = "<group>"; };
		15CC5D8125B2B78500E799C1 /* NetworkService.swift */ = {isa = PBXFileReference; lastKnownFileType = sourcecode.swift; path = NetworkService.swift; sourceTree = "<group>"; };
		15D2C6AF258CEE3B00D83F27 /* CityTableViewCell.swift */ = {isa = PBXFileReference; lastKnownFileType = sourcecode.swift; path = CityTableViewCell.swift; sourceTree = "<group>"; };
		15D2C6B0258CEE3B00D83F27 /* CityTableViewCell.xib */ = {isa = PBXFileReference; lastKnownFileType = file.xib; path = CityTableViewCell.xib; sourceTree = "<group>"; };
		15D2C6C0258D0E0100D83F27 /* City.swift */ = {isa = PBXFileReference; lastKnownFileType = sourcecode.swift; path = City.swift; sourceTree = "<group>"; };
		15D45D49258DDAB000D50382 /* WeatherCell.swift */ = {isa = PBXFileReference; lastKnownFileType = sourcecode.swift; path = WeatherCell.swift; sourceTree = "<group>"; };
		15D45D4A258DDAB000D50382 /* WeatherCell.xib */ = {isa = PBXFileReference; lastKnownFileType = file.xib; path = WeatherCell.xib; sourceTree = "<group>"; };
		15DA53DA257F74BF006353DA /* CitiesListTableViewController.swift */ = {isa = PBXFileReference; lastKnownFileType = sourcecode.swift; path = CitiesListTableViewController.swift; sourceTree = "<group>"; };
		97257AA53A6F74F66A82C366 /* Pods-OpenWeather.debug.xcconfig */ = {isa = PBXFileReference; includeInIndex = 1; lastKnownFileType = text.xcconfig; name = "Pods-OpenWeather.debug.xcconfig"; path = "Target Support Files/Pods-OpenWeather/Pods-OpenWeather.debug.xcconfig"; sourceTree = "<group>"; };
		BE912B883382A074520520D5 /* Pods_OpenWeather.framework */ = {isa = PBXFileReference; explicitFileType = wrapper.framework; includeInIndex = 0; path = Pods_OpenWeather.framework; sourceTree = BUILT_PRODUCTS_DIR; };
		CA5989E0A865D7985782792B /* Pods-OpenWeather.release.xcconfig */ = {isa = PBXFileReference; includeInIndex = 1; lastKnownFileType = text.xcconfig; name = "Pods-OpenWeather.release.xcconfig"; path = "Target Support Files/Pods-OpenWeather/Pods-OpenWeather.release.xcconfig"; sourceTree = "<group>"; };
/* End PBXFileReference section */

/* Begin PBXFrameworksBuildPhase section */
		15654BF025769BE4006DD81E /* Frameworks */ = {
			isa = PBXFrameworksBuildPhase;
			buildActionMask = 2147483647;
			files = (
				F7C0A2709DDEB0337AE5DFA7 /* Pods_OpenWeather.framework in Frameworks */,
			);
			runOnlyForDeploymentPostprocessing = 0;
		};
/* End PBXFrameworksBuildPhase section */

/* Begin PBXGroup section */
		15626402258E190700DEA711 /* Layouts */ = {
			isa = PBXGroup;
			children = (
				156263FF258E18FC00DEA711 /* WeatherCollectionViewLayout.swift */,
			);
			path = Layouts;
			sourceTree = "<group>";
		};
		15654BEA25769BE4006DD81E = {
			isa = PBXGroup;
			children = (
				15654BF525769BE4006DD81E /* OpenWeather */,
				15654BF425769BE4006DD81E /* Products */,
				2E83B695EC4AAB66F1E18E7F /* Pods */,
				84731122D70BC2268217FD85 /* Frameworks */,
			);
			sourceTree = "<group>";
		};
		15654BF425769BE4006DD81E /* Products */ = {
			isa = PBXGroup;
			children = (
				15654BF325769BE4006DD81E /* OpenWeather.app */,
			);
			name = Products;
			sourceTree = "<group>";
		};
		15654BF525769BE4006DD81E /* OpenWeather */ = {
			isa = PBXGroup;
			children = (
				15654C0425769BE6006DD81E /* Info.plist */,
				15654BF625769BE4006DD81E /* AppDelegate.swift */,
				15626402258E190700DEA711 /* Layouts */,
				15654BF825769BE4006DD81E /* SceneDelegate.swift */,
				15654BFF25769BE6006DD81E /* Assets.xcassets */,
				15D45D42258D274D00D50382 /* Cells */,
				15D2C6C3258D0F1100D83F27 /* Controllers */,
				15D45D43258D277900D50382 /* Controls */,
				15D2C6BD258D0D2700D83F27 /* Models */,
				15D45D46258D280F00D50382 /* Storyboards */,
				15D45D44258D27B400D50382 /* Views */,
				15CC5D8425B2B7AA00E799C1 /* Services */,
			);
			path = OpenWeather;
			sourceTree = "<group>";
		};
		15CC5D8425B2B7AA00E799C1 /* Services */ = {
			isa = PBXGroup;
			children = (
				15CC5D8125B2B78500E799C1 /* NetworkService.swift */,
			);
			path = Services;
			sourceTree = "<group>";
		};
		15D2C6BD258D0D2700D83F27 /* Models */ = {
			isa = PBXGroup;
			children = (
				15D2C6C0258D0E0100D83F27 /* City.swift */,
			);
			path = Models;
			sourceTree = "<group>";
		};
		15D2C6C3258D0F1100D83F27 /* Controllers */ = {
			isa = PBXGroup;
			children = (
				15654C0C25769F65006DD81E /* LoginFormController.swift */,
				1504D9832585017A00B4EBEE /* WeatherViewController.swift */,
				15DA53DA257F74BF006353DA /* CitiesListTableViewController.swift */,
				1504D91C258384BA00B4EBEE /* MyCitiesTableViewController.swift */,
			);
			path = Controllers;
			sourceTree = "<group>";
		};
		15D45D42258D274D00D50382 /* Cells */ = {
			isa = PBXGroup;
			children = (
				15D45D49258DDAB000D50382 /* WeatherCell.swift */,
				15D45D4A258DDAB000D50382 /* WeatherCell.xib */,
				15D2C6AF258CEE3B00D83F27 /* CityTableViewCell.swift */,
				15D2C6B0258CEE3B00D83F27 /* CityTableViewCell.xib */,
			);
			path = Cells;
			sourceTree = "<group>";
		};
		15D45D43258D277900D50382 /* Controls */ = {
			isa = PBXGroup;
			children = (
				1504D9792584EF9900B4EBEE /* WeekDayPicker.swift */,
			);
			path = Controls;
			sourceTree = "<group>";
		};
		15D45D44258D27B400D50382 /* Views */ = {
			isa = PBXGroup;
			children = (
				1504D9802584FB0400B4EBEE /* WeatherCollectionView.swift */,
				1504D9762584E59600B4EBEE /* GradientView.swift */,
			);
			path = Views;
			sourceTree = "<group>";
		};
		15D45D46258D280F00D50382 /* Storyboards */ = {
			isa = PBXGroup;
			children = (
				15654BFC25769BE4006DD81E /* Main.storyboard */,
				15654C0125769BE6006DD81E /* LaunchScreen.storyboard */,
			);
			path = Storyboards;
			sourceTree = "<group>";
		};
		2E83B695EC4AAB66F1E18E7F /* Pods */ = {
			isa = PBXGroup;
			children = (
				97257AA53A6F74F66A82C366 /* Pods-OpenWeather.debug.xcconfig */,
				CA5989E0A865D7985782792B /* Pods-OpenWeather.release.xcconfig */,
			);
			name = Pods;
			path = Pods;
			sourceTree = "<group>";
		};
		84731122D70BC2268217FD85 /* Frameworks */ = {
			isa = PBXGroup;
			children = (
				BE912B883382A074520520D5 /* Pods_OpenWeather.framework */,
			);
			name = Frameworks;
			sourceTree = "<group>";
		};
/* End PBXGroup section */

/* Begin PBXNativeTarget section */
		15654BF225769BE4006DD81E /* OpenWeather */ = {
			isa = PBXNativeTarget;
			buildConfigurationList = 15654C0725769BE6006DD81E /* Build configuration list for PBXNativeTarget "OpenWeather" */;
			buildPhases = (
				76AB1333A69D416BF8347637 /* [CP] Check Pods Manifest.lock */,
				15654BEF25769BE4006DD81E /* Sources */,
				15654BF025769BE4006DD81E /* Frameworks */,
				15654BF125769BE4006DD81E /* Resources */,
				0DD691308D3C9EFDC817737A /* [CP] Embed Pods Frameworks */,
			);
			buildRules = (
			);
			dependencies = (
			);
			name = OpenWeather;
			productName = OpenWeather;
			productReference = 15654BF325769BE4006DD81E /* OpenWeather.app */;
			productType = "com.apple.product-type.application";
		};
/* End PBXNativeTarget section */

/* Begin PBXProject section */
		15654BEB25769BE4006DD81E /* Project object */ = {
			isa = PBXProject;
			attributes = {
				LastSwiftUpdateCheck = 1210;
				LastUpgradeCheck = 1210;
				TargetAttributes = {
					15654BF225769BE4006DD81E = {
						CreatedOnToolsVersion = 12.1;
					};
				};
			};
			buildConfigurationList = 15654BEE25769BE4006DD81E /* Build configuration list for PBXProject "OpenWeather" */;
			compatibilityVersion = "Xcode 9.3";
			developmentRegion = en;
			hasScannedForEncodings = 0;
			knownRegions = (
				en,
				Base,
			);
			mainGroup = 15654BEA25769BE4006DD81E;
			productRefGroup = 15654BF425769BE4006DD81E /* Products */;
			projectDirPath = "";
			projectRoot = "";
			targets = (
				15654BF225769BE4006DD81E /* OpenWeather */,
			);
		};
/* End PBXProject section */

/* Begin PBXResourcesBuildPhase section */
		15654BF125769BE4006DD81E /* Resources */ = {
			isa = PBXResourcesBuildPhase;
			buildActionMask = 2147483647;
			files = (
				15654C0325769BE6006DD81E /* LaunchScreen.storyboard in Resources */,
				15654C0025769BE6006DD81E /* Assets.xcassets in Resources */,
				15D2C6B2258CEE3B00D83F27 /* CityTableViewCell.xib in Resources */,
				15654BFE25769BE4006DD81E /* Main.storyboard in Resources */,
				15D45D4C258DDAB000D50382 /* WeatherCell.xib in Resources */,
			);
			runOnlyForDeploymentPostprocessing = 0;
		};
/* End PBXResourcesBuildPhase section */

/* Begin PBXShellScriptBuildPhase section */
		0DD691308D3C9EFDC817737A /* [CP] Embed Pods Frameworks */ = {
			isa = PBXShellScriptBuildPhase;
			buildActionMask = 2147483647;
			files = (
			);
			inputFileListPaths = (
				"${PODS_ROOT}/Target Support Files/Pods-OpenWeather/Pods-OpenWeather-frameworks-${CONFIGURATION}-input-files.xcfilelist",
			);
			name = "[CP] Embed Pods Frameworks";
			outputFileListPaths = (
				"${PODS_ROOT}/Target Support Files/Pods-OpenWeather/Pods-OpenWeather-frameworks-${CONFIGURATION}-output-files.xcfilelist",
			);
			runOnlyForDeploymentPostprocessing = 0;
			shellPath = /bin/sh;
			shellScript = "\"${PODS_ROOT}/Target Support Files/Pods-OpenWeather/Pods-OpenWeather-frameworks.sh\"\n";
			showEnvVarsInLog = 0;
		};
		76AB1333A69D416BF8347637 /* [CP] Check Pods Manifest.lock */ = {
			isa = PBXShellScriptBuildPhase;
			buildActionMask = 2147483647;
			files = (
			);
			inputFileListPaths = (
			);
			inputPaths = (
				"${PODS_PODFILE_DIR_PATH}/Podfile.lock",
				"${PODS_ROOT}/Manifest.lock",
			);
			name = "[CP] Check Pods Manifest.lock";
			outputFileListPaths = (
			);
			outputPaths = (
				"$(DERIVED_FILE_DIR)/Pods-OpenWeather-checkManifestLockResult.txt",
			);
			runOnlyForDeploymentPostprocessing = 0;
			shellPath = /bin/sh;
			shellScript = "diff \"${PODS_PODFILE_DIR_PATH}/Podfile.lock\" \"${PODS_ROOT}/Manifest.lock\" > /dev/null\nif [ $? != 0 ] ; then\n    # print error to STDERR\n    echo \"error: The sandbox is not in sync with the Podfile.lock. Run 'pod install' or update your CocoaPods installation.\" >&2\n    exit 1\nfi\n# This output is used by Xcode 'outputs' to avoid re-running this script phase.\necho \"SUCCESS\" > \"${SCRIPT_OUTPUT_FILE_0}\"\n";
			showEnvVarsInLog = 0;
		};
/* End PBXShellScriptBuildPhase section */

/* Begin PBXSourcesBuildPhase section */
		15654BEF25769BE4006DD81E /* Sources */ = {
			isa = PBXSourcesBuildPhase;
			buildActionMask = 2147483647;
			files = (
				15654C0D25769F65006DD81E /* LoginFormController.swift in Sources */,
				1504D9772584E59600B4EBEE /* GradientView.swift in Sources */,
				1504D97A2584EF9900B4EBEE /* WeekDayPicker.swift in Sources */,
				1504D9842585017A00B4EBEE /* WeatherViewController.swift in Sources */,
				15CC5D8225B2B78500E799C1 /* NetworkService.swift in Sources */,
				1504D9812584FB0400B4EBEE /* WeatherCollectionView.swift in Sources */,
				1504D91D258384BA00B4EBEE /* MyCitiesTableViewController.swift in Sources */,
				15D2C6B1258CEE3B00D83F27 /* CityTableViewCell.swift in Sources */,
				15654BF725769BE4006DD81E /* AppDelegate.swift in Sources */,
				15626400258E18FC00DEA711 /* WeatherCollectionViewLayout.swift in Sources */,
				15D45D4B258DDAB000D50382 /* WeatherCell.swift in Sources */,
				15DA53DB257F74BF006353DA /* CitiesListTableViewController.swift in Sources */,
				15D2C6C1258D0E0100D83F27 /* City.swift in Sources */,
				15654BF925769BE4006DD81E /* SceneDelegate.swift in Sources */,
			);
			runOnlyForDeploymentPostprocessing = 0;
		};
/* End PBXSourcesBuildPhase section */

/* Begin PBXVariantGroup section */
		15654BFC25769BE4006DD81E /* Main.storyboard */ = {
			isa = PBXVariantGroup;
			children = (
				15654BFD25769BE4006DD81E /* Base */,
			);
			name = Main.storyboard;
			sourceTree = "<group>";
		};
		15654C0125769BE6006DD81E /* LaunchScreen.storyboard */ = {
			isa = PBXVariantGroup;
			children = (
				15654C0225769BE6006DD81E /* Base */,
			);
			name = LaunchScreen.storyboard;
			sourceTree = "<group>";
		};
/* End PBXVariantGroup section */

/* Begin XCBuildConfiguration section */
		15654C0525769BE6006DD81E /* Debug */ = {
			isa = XCBuildConfiguration;
			buildSettings = {
				ALWAYS_SEARCH_USER_PATHS = NO;
				CLANG_ANALYZER_NONNULL = YES;
				CLANG_ANALYZER_NUMBER_OBJECT_CONVERSION = YES_AGGRESSIVE;
				CLANG_CXX_LANGUAGE_STANDARD = "gnu++14";
				CLANG_CXX_LIBRARY = "libc++";
				CLANG_ENABLE_MODULES = YES;
				CLANG_ENABLE_OBJC_ARC = YES;
				CLANG_ENABLE_OBJC_WEAK = YES;
				CLANG_WARN_BLOCK_CAPTURE_AUTORELEASING = YES;
				CLANG_WARN_BOOL_CONVERSION = YES;
				CLANG_WARN_COMMA = YES;
				CLANG_WARN_CONSTANT_CONVERSION = YES;
				CLANG_WARN_DEPRECATED_OBJC_IMPLEMENTATIONS = YES;
				CLANG_WARN_DIRECT_OBJC_ISA_USAGE = YES_ERROR;
				CLANG_WARN_DOCUMENTATION_COMMENTS = YES;
				CLANG_WARN_EMPTY_BODY = YES;
				CLANG_WARN_ENUM_CONVERSION = YES;
				CLANG_WARN_INFINITE_RECURSION = YES;
				CLANG_WARN_INT_CONVERSION = YES;
				CLANG_WARN_NON_LITERAL_NULL_CONVERSION = YES;
				CLANG_WARN_OBJC_IMPLICIT_RETAIN_SELF = YES;
				CLANG_WARN_OBJC_LITERAL_CONVERSION = YES;
				CLANG_WARN_OBJC_ROOT_CLASS = YES_ERROR;
				CLANG_WARN_QUOTED_INCLUDE_IN_FRAMEWORK_HEADER = YES;
				CLANG_WARN_RANGE_LOOP_ANALYSIS = YES;
				CLANG_WARN_STRICT_PROTOTYPES = YES;
				CLANG_WARN_SUSPICIOUS_MOVE = YES;
				CLANG_WARN_UNGUARDED_AVAILABILITY = YES_AGGRESSIVE;
				CLANG_WARN_UNREACHABLE_CODE = YES;
				CLANG_WARN__DUPLICATE_METHOD_MATCH = YES;
				COPY_PHASE_STRIP = NO;
				DEBUG_INFORMATION_FORMAT = dwarf;
				ENABLE_STRICT_OBJC_MSGSEND = YES;
				ENABLE_TESTABILITY = YES;
				GCC_C_LANGUAGE_STANDARD = gnu11;
				GCC_DYNAMIC_NO_PIC = NO;
				GCC_NO_COMMON_BLOCKS = YES;
				GCC_OPTIMIZATION_LEVEL = 0;
				GCC_PREPROCESSOR_DEFINITIONS = (
					"DEBUG=1",
					"$(inherited)",
				);
				GCC_WARN_64_TO_32_BIT_CONVERSION = YES;
				GCC_WARN_ABOUT_RETURN_TYPE = YES_ERROR;
				GCC_WARN_UNDECLARED_SELECTOR = YES;
				GCC_WARN_UNINITIALIZED_AUTOS = YES_AGGRESSIVE;
				GCC_WARN_UNUSED_FUNCTION = YES;
				GCC_WARN_UNUSED_VARIABLE = YES;
				IPHONEOS_DEPLOYMENT_TARGET = 14.1;
				MTL_ENABLE_DEBUG_INFO = INCLUDE_SOURCE;
				MTL_FAST_MATH = YES;
				ONLY_ACTIVE_ARCH = YES;
				SDKROOT = iphoneos;
				SWIFT_ACTIVE_COMPILATION_CONDITIONS = DEBUG;
				SWIFT_OPTIMIZATION_LEVEL = "-Onone";
			};
			name = Debug;
		};
		15654C0625769BE6006DD81E /* Release */ = {
			isa = XCBuildConfiguration;
			buildSettings = {
				ALWAYS_SEARCH_USER_PATHS = NO;
				CLANG_ANALYZER_NONNULL = YES;
				CLANG_ANALYZER_NUMBER_OBJECT_CONVERSION = YES_AGGRESSIVE;
				CLANG_CXX_LANGUAGE_STANDARD = "gnu++14";
				CLANG_CXX_LIBRARY = "libc++";
				CLANG_ENABLE_MODULES = YES;
				CLANG_ENABLE_OBJC_ARC = YES;
				CLANG_ENABLE_OBJC_WEAK = YES;
				CLANG_WARN_BLOCK_CAPTURE_AUTORELEASING = YES;
				CLANG_WARN_BOOL_CONVERSION = YES;
				CLANG_WARN_COMMA = YES;
				CLANG_WARN_CONSTANT_CONVERSION = YES;
				CLANG_WARN_DEPRECATED_OBJC_IMPLEMENTATIONS = YES;
				CLANG_WARN_DIRECT_OBJC_ISA_USAGE = YES_ERROR;
				CLANG_WARN_DOCUMENTATION_COMMENTS = YES;
				CLANG_WARN_EMPTY_BODY = YES;
				CLANG_WARN_ENUM_CONVERSION = YES;
				CLANG_WARN_INFINITE_RECURSION = YES;
				CLANG_WARN_INT_CONVERSION = YES;
				CLANG_WARN_NON_LITERAL_NULL_CONVERSION = YES;
				CLANG_WARN_OBJC_IMPLICIT_RETAIN_SELF = YES;
				CLANG_WARN_OBJC_LITERAL_CONVERSION = YES;
				CLANG_WARN_OBJC_ROOT_CLASS = YES_ERROR;
				CLANG_WARN_QUOTED_INCLUDE_IN_FRAMEWORK_HEADER = YES;
				CLANG_WARN_RANGE_LOOP_ANALYSIS = YES;
				CLANG_WARN_STRICT_PROTOTYPES = YES;
				CLANG_WARN_SUSPICIOUS_MOVE = YES;
				CLANG_WARN_UNGUARDED_AVAILABILITY = YES_AGGRESSIVE;
				CLANG_WARN_UNREACHABLE_CODE = YES;
				CLANG_WARN__DUPLICATE_METHOD_MATCH = YES;
				COPY_PHASE_STRIP = NO;
				DEBUG_INFORMATION_FORMAT = "dwarf-with-dsym";
				ENABLE_NS_ASSERTIONS = NO;
				ENABLE_STRICT_OBJC_MSGSEND = YES;
				GCC_C_LANGUAGE_STANDARD = gnu11;
				GCC_NO_COMMON_BLOCKS = YES;
				GCC_WARN_64_TO_32_BIT_CONVERSION = YES;
				GCC_WARN_ABOUT_RETURN_TYPE = YES_ERROR;
				GCC_WARN_UNDECLARED_SELECTOR = YES;
				GCC_WARN_UNINITIALIZED_AUTOS = YES_AGGRESSIVE;
				GCC_WARN_UNUSED_FUNCTION = YES;
				GCC_WARN_UNUSED_VARIABLE = YES;
				IPHONEOS_DEPLOYMENT_TARGET = 14.1;
				MTL_ENABLE_DEBUG_INFO = NO;
				MTL_FAST_MATH = YES;
				SDKROOT = iphoneos;
				SWIFT_COMPILATION_MODE = wholemodule;
				SWIFT_OPTIMIZATION_LEVEL = "-O";
				VALIDATE_PRODUCT = YES;
			};
			name = Release;
		};
		15654C0825769BE6006DD81E /* Debug */ = {
			isa = XCBuildConfiguration;
			baseConfigurationReference = 97257AA53A6F74F66A82C366 /* Pods-OpenWeather.debug.xcconfig */;
			buildSettings = {
				ASSETCATALOG_COMPILER_APPICON_NAME = AppIcon;
				ASSETCATALOG_COMPILER_GLOBAL_ACCENT_COLOR_NAME = AccentColor;
				CODE_SIGN_STYLE = Automatic;
				DEVELOPMENT_TEAM = DQ48S8SUS4;
				INFOPLIST_FILE = OpenWeather/Info.plist;
				LD_RUNPATH_SEARCH_PATHS = (
					"$(inherited)",
					"@executable_path/Frameworks",
				);
				PRODUCT_BUNDLE_IDENTIFIER = ru.50.AlexanderFomin.OpenWeather;
				PRODUCT_NAME = "$(TARGET_NAME)";
				SWIFT_VERSION = 5.0;
				TARGETED_DEVICE_FAMILY = 1;
			};
			name = Debug;
		};
		15654C0925769BE6006DD81E /* Release */ = {
			isa = XCBuildConfiguration;
			baseConfigurationReference = CA5989E0A865D7985782792B /* Pods-OpenWeather.release.xcconfig */;
			buildSettings = {
				ASSETCATALOG_COMPILER_APPICON_NAME = AppIcon;
				ASSETCATALOG_COMPILER_GLOBAL_ACCENT_COLOR_NAME = AccentColor;
				CODE_SIGN_STYLE = Automatic;
				DEVELOPMENT_TEAM = DQ48S8SUS4;
				INFOPLIST_FILE = OpenWeather/Info.plist;
				LD_RUNPATH_SEARCH_PATHS = (
					"$(inherited)",
					"@executable_path/Frameworks",
				);
				PRODUCT_BUNDLE_IDENTIFIER = ru.50.AlexanderFomin.OpenWeather;
				PRODUCT_NAME = "$(TARGET_NAME)";
				SWIFT_VERSION = 5.0;
				TARGETED_DEVICE_FAMILY = 1;
			};
			name = Release;
		};
/* End XCBuildConfiguration section */

/* Begin XCConfigurationList section */
		15654BEE25769BE4006DD81E /* Build configuration list for PBXProject "OpenWeather" */ = {
			isa = XCConfigurationList;
			buildConfigurations = (
				15654C0525769BE6006DD81E /* Debug */,
				15654C0625769BE6006DD81E /* Release */,
			);
			defaultConfigurationIsVisible = 0;
			defaultConfigurationName = Release;
		};
		15654C0725769BE6006DD81E /* Build configuration list for PBXNativeTarget "OpenWeather" */ = {
			isa = XCConfigurationList;
			buildConfigurations = (
				15654C0825769BE6006DD81E /* Debug */,
				15654C0925769BE6006DD81E /* Release */,
			);
			defaultConfigurationIsVisible = 0;
			defaultConfigurationName = Release;
		};
/* End XCConfigurationList section */
	};
	rootObject = 15654BEB25769BE4006DD81E /* Project object */;
}
